Microsoft Visual Studio Solution File, Format Version 12.00
# Visual Studio Version 17
VisualStudioVersion = 17.5.2.0
MinimumVisualStudioVersion = 10.0.40219.1
Project("{FAE04EC0-301F-11D3-BF4B-00C04F79EFBC}") = "SosyalYardim", "SosyalYardim.csproj", "{91DF12FE-2E99-0DAA-A2E2-E2DA7A4B2A0B}"
EndProject
Global
	GlobalSection(SolutionConfigurationPlatforms) = preSolution
		Debug|Any CPU = Debug|Any CPU
		Release|Any CPU = Release|Any CPU
	EndGlobalSection
	GlobalSection(ProjectConfigurationPlatforms) = postSolution
		{91DF12FE-2E99-0DAA-A2E2-E2DA7A4B2A0B}.Debug|Any CPU.ActiveCfg = Debug|Any CPU
		{91DF12FE-2E99-0DAA-A2E2-E2DA7A4B2A0B}.Debug|Any CPU.Build.0 = Debug|Any CPU
		{91DF12FE-2E99-0DAA-A2E2-E2DA7A4B2A0B}.Release|Any CPU.ActiveCfg = Release|Any CPU
		{91DF12FE-2E99-0DAA-A2E2-E2DA7A4B2A0B}.Release|Any CPU.Build.0 = Release|Any CPU
	EndGlobalSection
	GlobalSection(SolutionProperties) = preSolution
		HideSolutionNode = FALSE
	EndGlobalSection
	GlobalSection(ExtensibilityGlobals) = postSolution
		SolutionGuid = {D40D0EBF-E18F-4BF2-BB67-7726C02194E6}
	EndGlobalSection
EndGlobal
